
Microsoft Visual Studio Solution File, Format Version 12.00
# Visual Studio Version 17
VisualStudioVersion = 17.11.35222.181
MinimumVisualStudioVersion = 10.0.40219.1
Project("{FAE04EC0-301F-11D3-BF4B-00C04F79EFBC}") = "LessonsForWPF", "LessonsForWPF\LessonsForWPF.csproj", "{0A53EEFA-3F9D-405F-81B0-A3026EC49EC8}"
EndProject
Project("{FAE04EC0-301F-11D3-BF4B-00C04F79EFBC}") = "LessonsFor.DB", "LessonsFor.DB\LessonsFor.DB.csproj", "{F37406EA-F19F-43E2-9E5B-BEFC34CFED4C}"
EndProject
Global
	GlobalSection(SolutionConfigurationPlatforms) = preSolution
		Debug|Any CPU = Debug|Any CPU
		Release|Any CPU = Release|Any CPU
	EndGlobalSection
	GlobalSection(ProjectConfigurationPlatforms) = postSolution
		{0A53EEFA-3F9D-405F-81B0-A3026EC49EC8}.Debug|Any CPU.ActiveCfg = Debug|Any CPU
		{0A53EEFA-3F9D-405F-81B0-A3026EC49EC8}.Debug|Any CPU.Build.0 = Debug|Any CPU
		{0A53EEFA-3F9D-405F-81B0-A3026EC49EC8}.Release|Any CPU.ActiveCfg = Release|Any CPU
		{0A53EEFA-3F9D-405F-81B0-A3026EC49EC8}.Release|Any CPU.Build.0 = Release|Any CPU
		{F37406EA-F19F-43E2-9E5B-BEFC34CFED4C}.Debug|Any CPU.ActiveCfg = Debug|Any CPU
		{F37406EA-F19F-43E2-9E5B-BEFC34CFED4C}.Debug|Any CPU.Build.0 = Debug|Any CPU
		{F37406EA-F19F-43E2-9E5B-BEFC34CFED4C}.Release|Any CPU.ActiveCfg = Release|Any CPU
		{F37406EA-F19F-43E2-9E5B-BEFC34CFED4C}.Release|Any CPU.Build.0 = Release|Any CPU
	EndGlobalSection
	GlobalSection(SolutionProperties) = preSolution
		HideSolutionNode = FALSE
	EndGlobalSection
	GlobalSection(ExtensibilityGlobals) = postSolution
		SolutionGuid = {1F83A7E9-3CDC-4A07-B690-9A72766CB682}
	EndGlobalSection
EndGlobal
